
Microsoft Visual Studio Solution File, Format Version 12.00
# Visual Studio Version 17
VisualStudioVersion = 17.5.33516.290
MinimumVisualStudioVersion = 10.0.40219.1
Project("{FAE04EC0-301F-11D3-BF4B-00C04F79EFBC}") = "Cesaur_WF", "Cesaur_WF.csproj", "{6CFFE90D-410B-4E3C-92C5-ADBBE186DF37}"
EndProject
Global
	GlobalSection(SolutionConfigurationPlatforms) = preSolution
		Debug|Any CPU = Debug|Any CPU
		Release|Any CPU = Release|Any CPU
	EndGlobalSection
	GlobalSection(ProjectConfigurationPlatforms) = postSolution
		{6CFFE90D-410B-4E3C-92C5-ADBBE186DF37}.Debug|Any CPU.ActiveCfg = Debug|Any CPU
		{6CFFE90D-410B-4E3C-92C5-ADBBE186DF37}.Debug|Any CPU.Build.0 = Debug|Any CPU
		{6CFFE90D-410B-4E3C-92C5-ADBBE186DF37}.Release|Any CPU.ActiveCfg = Release|Any CPU
		{6CFFE90D-410B-4E3C-92C5-ADBBE186DF37}.Release|Any CPU.Build.0 = Release|Any CPU
	EndGlobalSection
	GlobalSection(SolutionProperties) = preSolution
		HideSolutionNode = FALSE
	EndGlobalSection
	GlobalSection(ExtensibilityGlobals) = postSolution
		SolutionGuid = {62A55904-F81A-4EC2-921A-F10DC231595C}
	EndGlobalSection
EndGlobal
